
Microsoft Visual Studio Solution File, Format Version 12.00
# Visual Studio Version 17
VisualStudioVersion = 17.11.35103.136
MinimumVisualStudioVersion = 10.0.40219.1
Project("{2150E333-8FDC-42A3-9474-1A3956D46DE8}") = "Solution Items", "Solution Items", "{8428E995-BD4C-4024-9490-D16CFA4CD5FF}"
	ProjectSection(SolutionItems) = preProject
		.editorconfig = .editorconfig
		.gitattributes = .gitattributes
		.gitignore = .gitignore
		README.md = README.md
	EndProjectSection
EndProject
Project("{9A19103F-16F7-4668-BE54-9A1E7A4F7556}") = "BlazorPractice", "BlazorPractice\BlazorPractice.csproj", "{358ED1B3-8EE6-440D-90FC-398720B869B7}"
EndProject
Project("{9A19103F-16F7-4668-BE54-9A1E7A4F7556}") = "BlazorToDo", "BlazorToDo\BlazorToDo.csproj", "{87DCC255-7B61-4DA7-8959-4137C3307D6F}"
EndProject
Global
	GlobalSection(SolutionConfigurationPlatforms) = preSolution
		Debug|Any CPU = Debug|Any CPU
		Debug|x64 = Debug|x64
		Release|Any CPU = Release|Any CPU
		Release|x64 = Release|x64
	EndGlobalSection
	GlobalSection(ProjectConfigurationPlatforms) = postSolution
		{358ED1B3-8EE6-440D-90FC-398720B869B7}.Debug|Any CPU.ActiveCfg = Debug|x64
		{358ED1B3-8EE6-440D-90FC-398720B869B7}.Debug|Any CPU.Build.0 = Debug|x64
		{358ED1B3-8EE6-440D-90FC-398720B869B7}.Debug|x64.ActiveCfg = Debug|x64
		{358ED1B3-8EE6-440D-90FC-398720B869B7}.Debug|x64.Build.0 = Debug|x64
		{358ED1B3-8EE6-440D-90FC-398720B869B7}.Release|Any CPU.ActiveCfg = Release|Any CPU
		{358ED1B3-8EE6-440D-90FC-398720B869B7}.Release|Any CPU.Build.0 = Release|Any CPU
		{358ED1B3-8EE6-440D-90FC-398720B869B7}.Release|x64.ActiveCfg = Release|x64
		{358ED1B3-8EE6-440D-90FC-398720B869B7}.Release|x64.Build.0 = Release|x64
		{87DCC255-7B61-4DA7-8959-4137C3307D6F}.Debug|Any CPU.ActiveCfg = Debug|x64
		{87DCC255-7B61-4DA7-8959-4137C3307D6F}.Debug|Any CPU.Build.0 = Debug|x64
		{87DCC255-7B61-4DA7-8959-4137C3307D6F}.Debug|x64.ActiveCfg = Debug|Any CPU
		{87DCC255-7B61-4DA7-8959-4137C3307D6F}.Debug|x64.Build.0 = Debug|Any CPU
		{87DCC255-7B61-4DA7-8959-4137C3307D6F}.Release|Any CPU.ActiveCfg = Release|Any CPU
		{87DCC255-7B61-4DA7-8959-4137C3307D6F}.Release|Any CPU.Build.0 = Release|Any CPU
		{87DCC255-7B61-4DA7-8959-4137C3307D6F}.Release|x64.ActiveCfg = Release|x64
		{87DCC255-7B61-4DA7-8959-4137C3307D6F}.Release|x64.Build.0 = Release|x64
	EndGlobalSection
	GlobalSection(SolutionProperties) = preSolution
		HideSolutionNode = FALSE
	EndGlobalSection
	GlobalSection(ExtensibilityGlobals) = postSolution
		SolutionGuid = {83D2BF05-EBE6-49A2-A900-34F82CA8C80D}
	EndGlobalSection
EndGlobal
